// !$*UTF8*$!
{
	archiveVersion = 1;
	classes = {
	};
	objectVersion = 46;
	objects = {

/* Begin PBXBuildFile section */
		19DA21D21EEE384000C730F8 /* LPPZCollectionViewCell.m in Sources */ = {isa = PBXBuildFile; fileRef = 19DA21C71EEE384000C730F8 /* LPPZCollectionViewCell.m */; };
		19DA21D31EEE384000C730F8 /* LPPZLineCollectionViewCell.m in Sources */ = {isa = PBXBuildFile; fileRef = 19DA21C91EEE384000C730F8 /* LPPZLineCollectionViewCell.m */; };
		19DA21D41EEE384000C730F8 /* LPPZPhotoShowViewController.m in Sources */ = {isa = PBXBuildFile; fileRef = 19DA21CC1EEE384000C730F8 /* LPPZPhotoShowViewController.m */; };
		19DA21D51EEE384000C730F8 /* ViewController.m in Sources */ = {isa = PBXBuildFile; fileRef = 19DA21CE1EEE384000C730F8 /* ViewController.m */; };
		19DA21D61EEE384000C730F8 /* LPPZLineLayout.m in Sources */ = {isa = PBXBuildFile; fileRef = 19DA21D11EEE384000C730F8 /* LPPZLineLayout.m */; };
		19F2EA9D1EEA7FA10015B80A /* main.m in Sources */ = {isa = PBXBuildFile; fileRef = 19F2EA9C1EEA7FA10015B80A /* main.m */; };
		19F2EAA01EEA7FA10015B80A /* AppDelegate.m in Sources */ = {isa = PBXBuildFile; fileRef = 19F2EA9F1EEA7FA10015B80A /* AppDelegate.m */; };
		19F2EAA61EEA7FA10015B80A /* Main.storyboard in Resources */ = {isa = PBXBuildFile; fileRef = 19F2EAA41EEA7FA10015B80A /* Main.storyboard */; };
		19F2EAA81EEA7FA10015B80A /* Assets.xcassets in Resources */ = {isa = PBXBuildFile; fileRef = 19F2EAA71EEA7FA10015B80A /* Assets.xcassets */; };
		19F2EAAB1EEA7FA10015B80A /* LaunchScreen.storyboard in Resources */ = {isa = PBXBuildFile; fileRef = 19F2EAA91EEA7FA10015B80A /* LaunchScreen.storyboard */; };
		19F2EAB61EEA7FA10015B80A /* UICollectinView_____Tests.m in Sources */ = {isa = PBXBuildFile; fileRef = 19F2EAB51EEA7FA10015B80A /* UICollectinView_____Tests.m */; };
		19F2EADC1EEA835D0015B80A /* 0.jpg in Resources */ = {isa = PBXBuildFile; fileRef = 19F2EAC41EEA835D0015B80A /* 0.jpg */; };
		19F2EADD1EEA835D0015B80A /* 1.jpg in Resources */ = {isa = PBXBuildFile; fileRef = 19F2EAC51EEA835D0015B80A /* 1.jpg */; };
		19F2EADE1EEA835D0015B80A /* 10.jpg in Resources */ = {isa = PBXBuildFile; fileRef = 19F2EAC61EEA835D0015B80A /* 10.jpg */; };
		19F2EADF1EEA835D0015B80A /* 11.jpg in Resources */ = {isa = PBXBuildFile; fileRef = 19F2EAC71EEA835D0015B80A /* 11.jpg */; };
		19F2EAE01EEA835D0015B80A /* 12.jpg in Resources */ = {isa = PBXBuildFile; fileRef = 19F2EAC81EEA835D0015B80A /* 12.jpg */; };
		19F2EAE11EEA835D0015B80A /* 13.jpg in Resources */ = {isa = PBXBuildFile; fileRef = 19F2EAC91EEA835D0015B80A /* 13.jpg */; };
		19F2EAE21EEA835D0015B80A /* 14.jpg in Resources */ = {isa = PBXBuildFile; fileRef = 19F2EACA1EEA835D0015B80A /* 14.jpg */; };
		19F2EAE31EEA835D0015B80A /* 15.jpg in Resources */ = {isa = PBXBuildFile; fileRef = 19F2EACB1EEA835D0015B80A /* 15.jpg */; };
		19F2EAE41EEA835D0015B80A /* 16.jpg in Resources */ = {isa = PBXBuildFile; fileRef = 19F2EACC1EEA835D0015B80A /* 16.jpg */; };
		19F2EAE51EEA835D0015B80A /* 17.jpg in Resources */ = {isa = PBXBuildFile; fileRef = 19F2EACD1EEA835D0015B80A /* 17.jpg */; };
		19F2EAE61EEA835D0015B80A /* 18.jpg in Resources */ = {isa = PBXBuildFile; fileRef = 19F2EACE1EEA835D0015B80A /* 18.jpg */; };
		19F2EAE71EEA835D0015B80A /* 19.jpg in Resources */ = {isa = PBXBuildFile; fileRef = 19F2EACF1EEA835D0015B80A /* 19.jpg */; };
		19F2EAE81EEA835D0015B80A /* 2.jpg in Resources */ = {isa = PBXBuildFile; fileRef = 19F2EAD01EEA835D0015B80A /* 2.jpg */; };
		19F2EAE91EEA835D0015B80A /* 20.jpg in Resources */ = {isa = PBXBuildFile; fileRef = 19F2EAD11EEA835D0015B80A /* 20.jpg */; };
		19F2EAEA1EEA835D0015B80A /* 21.jpg in Resources */ = {isa = PBXBuildFile; fileRef = 19F2EAD21EEA835D0015B80A /* 21.jpg */; };
		19F2EAEB1EEA835D0015B80A /* 22.jpg in Resources */ = {isa = PBXBuildFile; fileRef = 19F2EAD31EEA835D0015B80A /* 22.jpg */; };
		19F2EAEC1EEA835D0015B80A /* 23.jpg in Resources */ = {isa = PBXBuildFile; fileRef = 19F2EAD41EEA835D0015B80A /* 23.jpg */; };
		19F2EAED1EEA835D0015B80A /* 3.jpg in Resources */ = {isa = PBXBuildFile; fileRef = 19F2EAD51EEA835D0015B80A /* 3.jpg */; };
		19F2EAEE1EEA835D0015B80A /* 4.jpg in Resources */ = {isa = PBXBuildFile; fileRef = 19F2EAD61EEA835D0015B80A /* 4.jpg */; };
		19F2EAEF1EEA835D0015B80A /* 5.jpg in Resources */ = {isa = PBXBuildFile; fileRef = 19F2EAD71EEA835D0015B80A /* 5.jpg */; };
		19F2EAF01EEA835D0015B80A /* 6.jpg in Resources */ = {isa = PBXBuildFile; fileRef = 19F2EAD81EEA835D0015B80A /* 6.jpg */; };
		19F2EAF11EEA835D0015B80A /* 7.jpg in Resources */ = {isa = PBXBuildFile; fileRef = 19F2EAD91EEA835D0015B80A /* 7.jpg */; };
		19F2EAF21EEA835D0015B80A /* 8.jpg in Resources */ = {isa = PBXBuildFile; fileRef = 19F2EADA1EEA835D0015B80A /* 8.jpg */; };
		19F2EAF31EEA835D0015B80A /* 9.jpg in Resources */ = {isa = PBXBuildFile; fileRef = 19F2EADB1EEA835D0015B80A /* 9.jpg */; };
/* End PBXBuildFile section */

/* Begin PBXContainerItemProxy section */
		19F2EAB21EEA7FA10015B80A /* PBXContainerItemProxy */ = {
			isa = PBXContainerItemProxy;
			containerPortal = 19F2EA901EEA7FA10015B80A /* Project object */;
			proxyType = 1;
			remoteGlobalIDString = 19F2EA971EEA7FA10015B80A;
			remoteInfo = "UICollectinView自定义相册";
		};
/* End PBXContainerItemProxy section */

/* Begin PBXFileReference section */
		19DA21C61EEE384000C730F8 /* LPPZCollectionViewCell.h */ = {isa = PBXFileReference; fileEncoding = 4; lastKnownFileType = sourcecode.c.h; path = LPPZCollectionViewCell.h; sourceTree = "<group>"; };
		19DA21C71EEE384000C730F8 /* LPPZCollectionViewCell.m */ = {isa = PBXFileReference; fileEncoding = 4; lastKnownFileType = sourcecode.c.objc; path = LPPZCollectionViewCell.m; sourceTree = "<group>"; };
		19DA21C81EEE384000C730F8 /* LPPZLineCollectionViewCell.h */ = {isa = PBXFileReference; fileEncoding = 4; lastKnownFileType = sourcecode.c.h; path = LPPZLineCollectionViewCell.h; sourceTree = "<group>"; };
		19DA21C91EEE384000C730F8 /* LPPZLineCollectionViewCell.m */ = {isa = PBXFileReference; fileEncoding = 4; lastKnownFileType = sourcecode.c.objc; path = LPPZLineCollectionViewCell.m; sourceTree = "<group>"; };
		19DA21CB1EEE384000C730F8 /* LPPZPhotoShowViewController.h */ = {isa = PBXFileReference; fileEncoding = 4; lastKnownFileType = sourcecode.c.h; path = LPPZPhotoShowViewController.h; sourceTree = "<group>"; };
		19DA21CC1EEE384000C730F8 /* LPPZPhotoShowViewController.m */ = {isa = PBXFileReference; fileEncoding = 4; lastKnownFileType = sourcecode.c.objc; path = LPPZPhotoShowViewController.m; sourceTree = "<group>"; };
		19DA21CD1EEE384000C730F8 /* ViewController.h */ = {isa = PBXFileReference; fileEncoding = 4; lastKnownFileType = sourcecode.c.h; path = ViewController.h; sourceTree = "<group>"; };
		19DA21CE1EEE384000C730F8 /* ViewController.m */ = {isa = PBXFileReference; fileEncoding = 4; lastKnownFileType = sourcecode.c.objc; path = ViewController.m; sourceTree = "<group>"; };
		19DA21D01EEE384000C730F8 /* LPPZLineLayout.h */ = {isa = PBXFileReference; fileEncoding = 4; lastKnownFileType = sourcecode.c.h; path = LPPZLineLayout.h; sourceTree = "<group>"; };
		19DA21D11EEE384000C730F8 /* LPPZLineLayout.m */ = {isa = PBXFileReference; fileEncoding = 4; lastKnownFileType = sourcecode.c.objc; path = LPPZLineLayout.m; sourceTree = "<group>"; };
		19F2EA981EEA7FA10015B80A /* UICollectinView自定义相册.app */ = {isa = PBXFileReference; explicitFileType = wrapper.application; includeInIndex = 0; path = "UICollectinView自定义相册.app"; sourceTree = BUILT_PRODUCTS_DIR; };
		19F2EA9C1EEA7FA10015B80A /* main.m */ = {isa = PBXFileReference; lastKnownFileType = sourcecode.c.objc; path = main.m; sourceTree = "<group>"; };
		19F2EA9E1EEA7FA10015B80A /* AppDelegate.h */ = {isa = PBXFileReference; lastKnownFileType = sourcecode.c.h; path = AppDelegate.h; sourceTree = "<group>"; };
		19F2EA9F1EEA7FA10015B80A /* AppDelegate.m */ = {isa = PBXFileReference; lastKnownFileType = sourcecode.c.objc; path = AppDelegate.m; sourceTree = "<group>"; };
		19F2EAA51EEA7FA10015B80A /* Base */ = {isa = PBXFileReference; lastKnownFileType = file.storyboard; name = Base; path = Base.lproj/Main.storyboard; sourceTree = "<group>"; };
		19F2EAA71EEA7FA10015B80A /* Assets.xcassets */ = {isa = PBXFileReference; lastKnownFileType = folder.assetcatalog; path = Assets.xcassets; sourceTree = "<group>"; };
		19F2EAAA1EEA7FA10015B80A /* Base */ = {isa = PBXFileReference; lastKnownFileType = file.storyboard; name = Base; path = Base.lproj/LaunchScreen.storyboard; sourceTree = "<group>"; };
		19F2EAAC1EEA7FA10015B80A /* Info.plist */ = {isa = PBXFileReference; lastKnownFileType = text.plist.xml; path = Info.plist; sourceTree = "<group>"; };
		19F2EAB11EEA7FA10015B80A /* UICollectinView自定义相册Tests.xctest */ = {isa = PBXFileReference; explicitFileType = wrapper.cfbundle; includeInIndex = 0; path = "UICollectinView自定义相册Tests.xctest"; sourceTree = BUILT_PRODUCTS_DIR; };
		19F2EAB51EEA7FA10015B80A /* UICollectinView_____Tests.m */ = {isa = PBXFileReference; lastKnownFileType = sourcecode.c.objc; path = "UICollectinView_____Tests.m"; sourceTree = "<group>"; };
		19F2EAB71EEA7FA10015B80A /* Info.plist */ = {isa = PBXFileReference; lastKnownFileType = text.plist.xml; path = Info.plist; sourceTree = "<group>"; };
		19F2EAC41EEA835D0015B80A /* 0.jpg */ = {isa = PBXFileReference; lastKnownFileType = image.jpeg; path = 0.jpg; sourceTree = "<group>"; };
		19F2EAC51EEA835D0015B80A /* 1.jpg */ = {isa = PBXFileReference; lastKnownFileType = image.jpeg; path = 1.jpg; sourceTree = "<group>"; };
		19F2EAC61EEA835D0015B80A /* 10.jpg */ = {isa = PBXFileReference; lastKnownFileType = image.jpeg; path = 10.jpg; sourceTree = "<group>"; };
		19F2EAC71EEA835D0015B80A /* 11.jpg */ = {isa = PBXFileReference; lastKnownFileType = image.jpeg; path = 11.jpg; sourceTree = "<group>"; };
		19F2EAC81EEA835D0015B80A /* 12.jpg */ = {isa = PBXFileReference; lastKnownFileType = image.jpeg; path = 12.jpg; sourceTree = "<group>"; };
		19F2EAC91EEA835D0015B80A /* 13.jpg */ = {isa = PBXFileReference; lastKnownFileType = image.jpeg; path = 13.jpg; sourceTree = "<group>"; };
		19F2EACA1EEA835D0015B80A /* 14.jpg */ = {isa = PBXFileReference; lastKnownFileType = image.jpeg; path = 14.jpg; sourceTree = "<group>"; };
		19F2EACB1EEA835D0015B80A /* 15.jpg */ = {isa = PBXFileReference; lastKnownFileType = image.jpeg; path = 15.jpg; sourceTree = "<group>"; };
		19F2EACC1EEA835D0015B80A /* 16.jpg */ = {isa = PBXFileReference; lastKnownFileType = image.jpeg; path = 16.jpg; sourceTree = "<group>"; };
		19F2EACD1EEA835D0015B80A /* 17.jpg */ = {isa = PBXFileReference; lastKnownFileType = image.jpeg; path = 17.jpg; sourceTree = "<group>"; };
		19F2EACE1EEA835D0015B80A /* 18.jpg */ = {isa = PBXFileReference; lastKnownFileType = image.jpeg; path = 18.jpg; sourceTree = "<group>"; };
		19F2EACF1EEA835D0015B80A /* 19.jpg */ = {isa = PBXFileReference; lastKnownFileType = image.jpeg; path = 19.jpg; sourceTree = "<group>"; };
		19F2EAD01EEA835D0015B80A /* 2.jpg */ = {isa = PBXFileReference; lastKnownFileType = image.jpeg; path = 2.jpg; sourceTree = "<group>"; };
		19F2EAD11EEA835D0015B80A /* 20.jpg */ = {isa = PBXFileReference; lastKnownFileType = image.jpeg; path = 20.jpg; sourceTree = "<group>"; };
		19F2EAD21EEA835D0015B80A /* 21.jpg */ = {isa = PBXFileReference; lastKnownFileType = image.jpeg; path = 21.jpg; sourceTree = "<group>"; };
		19F2EAD31EEA835D0015B80A /* 22.jpg */ = {isa = PBXFileReference; lastKnownFileType = image.jpeg; path = 22.jpg; sourceTree = "<group>"; };
		19F2EAD41EEA835D0015B80A /* 23.jpg */ = {isa = PBXFileReference; lastKnownFileType = image.jpeg; path = 23.jpg; sourceTree = "<group>"; };
		19F2EAD51EEA835D0015B80A /* 3.jpg */ = {isa = PBXFileReference; lastKnownFileType = image.jpeg; path = 3.jpg; sourceTree = "<group>"; };
		19F2EAD61EEA835D0015B80A /* 4.jpg */ = {isa = PBXFileReference; lastKnownFileType = image.jpeg; path = 4.jpg; sourceTree = "<group>"; };
		19F2EAD71EEA835D0015B80A /* 5.jpg */ = {isa = PBXFileReference; lastKnownFileType = image.jpeg; path = 5.jpg; sourceTree = "<group>"; };
		19F2EAD81EEA835D0015B80A /* 6.jpg */ = {isa = PBXFileReference; lastKnownFileType = image.jpeg; path = 6.jpg; sourceTree = "<group>"; };
		19F2EAD91EEA835D0015B80A /* 7.jpg */ = {isa = PBXFileReference; lastKnownFileType = image.jpeg; path = 7.jpg; sourceTree = "<group>"; };
		19F2EADA1EEA835D0015B80A /* 8.jpg */ = {isa = PBXFileReference; lastKnownFileType = image.jpeg; path = 8.jpg; sourceTree = "<group>"; };
		19F2EADB1EEA835D0015B80A /* 9.jpg */ = {isa = PBXFileReference; lastKnownFileType = image.jpeg; path = 9.jpg; sourceTree = "<group>"; };
/* End PBXFileReference section */

/* Begin PBXFrameworksBuildPhase section */
		19F2EA951EEA7FA10015B80A /* Frameworks */ = {
			isa = PBXFrameworksBuildPhase;
			buildActionMask = 2147483647;
			files = (
			);
			runOnlyForDeploymentPostprocessing = 0;
		};
		19F2EAAE1EEA7FA10015B80A /* Frameworks */ = {
			isa = PBXFrameworksBuildPhase;
			buildActionMask = 2147483647;
			files = (
			);
			runOnlyForDeploymentPostprocessing = 0;
		};
/* End PBXFrameworksBuildPhase section */

/* Begin PBXGroup section */
		19DA21C51EEE384000C730F8 /* Cell */ = {
			isa = PBXGroup;
			children = (
				19DA21C61EEE384000C730F8 /* LPPZCollectionViewCell.h */,
				19DA21C71EEE384000C730F8 /* LPPZCollectionViewCell.m */,
				19DA21C81EEE384000C730F8 /* LPPZLineCollectionViewCell.h */,
				19DA21C91EEE384000C730F8 /* LPPZLineCollectionViewCell.m */,
			);
			path = Cell;
			sourceTree = "<group>";
		};
		19DA21CA1EEE384000C730F8 /* Controller */ = {
			isa = PBXGroup;
			children = (
				19DA21CB1EEE384000C730F8 /* LPPZPhotoShowViewController.h */,
				19DA21CC1EEE384000C730F8 /* LPPZPhotoShowViewController.m */,
				19DA21CD1EEE384000C730F8 /* ViewController.h */,
				19DA21CE1EEE384000C730F8 /* ViewController.m */,
			);
			path = Controller;
			sourceTree = "<group>";
		};
		19DA21CF1EEE384000C730F8 /* Layout */ = {
			isa = PBXGroup;
			children = (
				19DA21D01EEE384000C730F8 /* LPPZLineLayout.h */,
				19DA21D11EEE384000C730F8 /* LPPZLineLayout.m */,
			);
			path = Layout;
			sourceTree = "<group>";
		};
		19F2EA8F1EEA7FA10015B80A = {
			isa = PBXGroup;
			children = (
				19F2EA9A1EEA7FA10015B80A /* UICollectinView自定义相册 */,
				19F2EAB41EEA7FA10015B80A /* UICollectinView自定义相册Tests */,
				19F2EA991EEA7FA10015B80A /* Products */,
			);
			sourceTree = "<group>";
		};
		19F2EA991EEA7FA10015B80A /* Products */ = {
			isa = PBXGroup;
			children = (
				19F2EA981EEA7FA10015B80A /* UICollectinView自定义相册.app */,
				19F2EAB11EEA7FA10015B80A /* UICollectinView自定义相册Tests.xctest */,
			);
			name = Products;
			sourceTree = "<group>";
		};
		19F2EA9A1EEA7FA10015B80A /* UICollectinView自定义相册 */ = {
			isa = PBXGroup;
			children = (
				19DA21C51EEE384000C730F8 /* Cell */,
				19DA21CA1EEE384000C730F8 /* Controller */,
				19DA21CF1EEE384000C730F8 /* Layout */,
				19F2EAC31EEA835D0015B80A /* Images */,
				19F2EA9E1EEA7FA10015B80A /* AppDelegate.h */,
				19F2EA9F1EEA7FA10015B80A /* AppDelegate.m */,
				19F2EAA41EEA7FA10015B80A /* Main.storyboard */,
				19F2EAA71EEA7FA10015B80A /* Assets.xcassets */,
				19F2EAA91EEA7FA10015B80A /* LaunchScreen.storyboard */,
				19F2EAAC1EEA7FA10015B80A /* Info.plist */,
				19F2EA9B1EEA7FA10015B80A /* Supporting Files */,
			);
			path = "UICollectinView自定义相册";
			sourceTree = "<group>";
		};
		19F2EA9B1EEA7FA10015B80A /* Supporting Files */ = {
			isa = PBXGroup;
			children = (
				19F2EA9C1EEA7FA10015B80A /* main.m */,
			);
			name = "Supporting Files";
			sourceTree = "<group>";
		};
		19F2EAB41EEA7FA10015B80A /* UICollectinView自定义相册Tests */ = {
			isa = PBXGroup;
			children = (
				19F2EAB51EEA7FA10015B80A /* UICollectinView_____Tests.m */,
				19F2EAB71EEA7FA10015B80A /* Info.plist */,
			);
			path = "UICollectinView自定义相册Tests";
			sourceTree = "<group>";
		};
		19F2EAC31EEA835D0015B80A /* Images */ = {
			isa = PBXGroup;
			children = (
				19F2EAC41EEA835D0015B80A /* 0.jpg */,
				19F2EAC51EEA835D0015B80A /* 1.jpg */,
				19F2EAC61EEA835D0015B80A /* 10.jpg */,
				19F2EAC71EEA835D0015B80A /* 11.jpg */,
				19F2EAC81EEA835D0015B80A /* 12.jpg */,
				19F2EAC91EEA835D0015B80A /* 13.jpg */,
				19F2EACA1EEA835D0015B80A /* 14.jpg */,
				19F2EACB1EEA835D0015B80A /* 15.jpg */,
				19F2EACC1EEA835D0015B80A /* 16.jpg */,
				19F2EACD1EEA835D0015B80A /* 17.jpg */,
				19F2EACE1EEA835D0015B80A /* 18.jpg */,
				19F2EACF1EEA835D0015B80A /* 19.jpg */,
				19F2EAD01EEA835D0015B80A /* 2.jpg */,
				19F2EAD11EEA835D0015B80A /* 20.jpg */,
				19F2EAD21EEA835D0015B80A /* 21.jpg */,
				19F2EAD31EEA835D0015B80A /* 22.jpg */,
				19F2EAD41EEA835D0015B80A /* 23.jpg */,
				19F2EAD51EEA835D0015B80A /* 3.jpg */,
				19F2EAD61EEA835D0015B80A /* 4.jpg */,
				19F2EAD71EEA835D0015B80A /* 5.jpg */,
				19F2EAD81EEA835D0015B80A /* 6.jpg */,
				19F2EAD91EEA835D0015B80A /* 7.jpg */,
				19F2EADA1EEA835D0015B80A /* 8.jpg */,
				19F2EADB1EEA835D0015B80A /* 9.jpg */,
			);
			path = Images;
			sourceTree = "<group>";
		};
/* End PBXGroup section */

/* Begin PBXNativeTarget section */
		19F2EA971EEA7FA10015B80A /* UICollectinView自定义相册 */ = {
			isa = PBXNativeTarget;
			buildConfigurationList = 19F2EABA1EEA7FA10015B80A /* Build configuration list for PBXNativeTarget "UICollectinView自定义相册" */;
			buildPhases = (
				19F2EA941EEA7FA10015B80A /* Sources */,
				19F2EA951EEA7FA10015B80A /* Frameworks */,
				19F2EA961EEA7FA10015B80A /* Resources */,
			);
			buildRules = (
			);
			dependencies = (
			);
			name = "UICollectinView自定义相册";
			productName = "UICollectinView自定义相册";
			productReference = 19F2EA981EEA7FA10015B80A /* UICollectinView自定义相册.app */;
			productType = "com.apple.product-type.application";
		};
		19F2EAB01EEA7FA10015B80A /* UICollectinView自定义相册Tests */ = {
			isa = PBXNativeTarget;
			buildConfigurationList = 19F2EABD1EEA7FA10015B80A /* Build configuration list for PBXNativeTarget "UICollectinView自定义相册Tests" */;
			buildPhases = (
				19F2EAAD1EEA7FA10015B80A /* Sources */,
				19F2EAAE1EEA7FA10015B80A /* Frameworks */,
				19F2EAAF1EEA7FA10015B80A /* Resources */,
			);
			buildRules = (
			);
			dependencies = (
				19F2EAB31EEA7FA10015B80A /* PBXTargetDependency */,
			);
			name = "UICollectinView自定义相册Tests";
			productName = "UICollectinView自定义相册Tests";
			productReference = 19F2EAB11EEA7FA10015B80A /* UICollectinView自定义相册Tests.xctest */;
			productType = "com.apple.product-type.bundle.unit-test";
		};
/* End PBXNativeTarget section */

/* Begin PBXProject section */
		19F2EA901EEA7FA10015B80A /* Project object */ = {
			isa = PBXProject;
			attributes = {
				LastUpgradeCheck = 0830;
				ORGANIZATIONNAME = "LPPZ-User01";
				TargetAttributes = {
					19F2EA971EEA7FA10015B80A = {
						CreatedOnToolsVersion = 8.3.2;
						ProvisioningStyle = Automatic;
					};
					19F2EAB01EEA7FA10015B80A = {
						CreatedOnToolsVersion = 8.3.2;
						ProvisioningStyle = Automatic;
						TestTargetID = 19F2EA971EEA7FA10015B80A;
					};
				};
			};
			buildConfigurationList = 19F2EA931EEA7FA10015B80A /* Build configuration list for PBXProject "UICollectinView自定义相册" */;
			compatibilityVersion = "Xcode 3.2";
			developmentRegion = English;
			hasScannedForEncodings = 0;
			knownRegions = (
				en,
				Base,
			);
			mainGroup = 19F2EA8F1EEA7FA10015B80A;
			productRefGroup = 19F2EA991EEA7FA10015B80A /* Products */;
			projectDirPath = "";
			projectRoot = "";
			targets = (
				19F2EA971EEA7FA10015B80A /* UICollectinView自定义相册 */,
				19F2EAB01EEA7FA10015B80A /* UICollectinView自定义相册Tests */,
			);
		};
/* End PBXProject section */

/* Begin PBXResourcesBuildPhase section */
		19F2EA961EEA7FA10015B80A /* Resources */ = {
			isa = PBXResourcesBuildPhase;
			buildActionMask = 2147483647;
			files = (
				19F2EAEE1EEA835D0015B80A /* 4.jpg in Resources */,
				19F2EAEB1EEA835D0015B80A /* 22.jpg in Resources */,
				19F2EAE51EEA835D0015B80A /* 17.jpg in Resources */,
				19F2EAE21EEA835D0015B80A /* 14.jpg in Resources */,
				19F2EAE91EEA835D0015B80A /* 20.jpg in Resources */,
				19F2EAE01EEA835D0015B80A /* 12.jpg in Resources */,
				19F2EAE11EEA835D0015B80A /* 13.jpg in Resources */,
				19F2EADC1EEA835D0015B80A /* 0.jpg in Resources */,
				19F2EAE41EEA835D0015B80A /* 16.jpg in Resources */,
				19F2EAE81EEA835D0015B80A /* 2.jpg in Resources */,
				19F2EAAB1EEA7FA10015B80A /* LaunchScreen.storyboard in Resources */,
				19F2EAEC1EEA835D0015B80A /* 23.jpg in Resources */,
				19F2EAF11EEA835D0015B80A /* 7.jpg in Resources */,
				19F2EAA81EEA7FA10015B80A /* Assets.xcassets in Resources */,
				19F2EAED1EEA835D0015B80A /* 3.jpg in Resources */,
				19F2EAA61EEA7FA10015B80A /* Main.storyboard in Resources */,
				19F2EADE1EEA835D0015B80A /* 10.jpg in Resources */,
				19F2EAE71EEA835D0015B80A /* 19.jpg in Resources */,
				19F2EAF31EEA835D0015B80A /* 9.jpg in Resources */,
				19F2EAF21EEA835D0015B80A /* 8.jpg in Resources */,
				19F2EADF1EEA835D0015B80A /* 11.jpg in Resources */,
				19F2EAF01EEA835D0015B80A /* 6.jpg in Resources */,
				19F2EADD1EEA835D0015B80A /* 1.jpg in Resources */,
				19F2EAEF1EEA835D0015B80A /* 5.jpg in Resources */,
				19F2EAE61EEA835D0015B80A /* 18.jpg in Resources */,
				19F2EAEA1EEA835D0015B80A /* 21.jpg in Resources */,
				19F2EAE31EEA835D0015B80A /* 15.jpg in Resources */,
			);
			runOnlyForDeploymentPostprocessing = 0;
		};
		19F2EAAF1EEA7FA10015B80A /* Resources */ = {
			isa = PBXResourcesBuildPhase;
			buildActionMask = 2147483647;
			files = (
			);
			runOnlyForDeploymentPostprocessing = 0;
		};
/* End PBXResourcesBuildPhase section */

/* Begin PBXSourcesBuildPhase section */
		19F2EA941EEA7FA10015B80A /* Sources */ = {
			isa = PBXSourcesBuildPhase;
			buildActionMask = 2147483647;
			files = (
				19DA21D51EEE384000C730F8 /* ViewController.m in Sources */,
				19DA21D31EEE384000C730F8 /* LPPZLineCollectionViewCell.m in Sources */,
				19F2EAA01EEA7FA10015B80A /* AppDelegate.m in Sources */,
				19DA21D41EEE384000C730F8 /* LPPZPhotoShowViewController.m in Sources */,
				19F2EA9D1EEA7FA10015B80A /* main.m in Sources */,
				19DA21D21EEE384000C730F8 /* LPPZCollectionViewCell.m in Sources */,
				19DA21D61EEE384000C730F8 /* LPPZLineLayout.m in Sources */,
			);
			runOnlyForDeploymentPostprocessing = 0;
		};
		19F2EAAD1EEA7FA10015B80A /* Sources */ = {
			isa = PBXSourcesBuildPhase;
			buildActionMask = 2147483647;
			files = (
				19F2EAB61EEA7FA10015B80A /* UICollectinView_____Tests.m in Sources */,
			);
			runOnlyForDeploymentPostprocessing = 0;
		};
/* End PBXSourcesBuildPhase section */

/* Begin PBXTargetDependency section */
		19F2EAB31EEA7FA10015B80A /* PBXTargetDependency */ = {
			isa = PBXTargetDependency;
			target = 19F2EA971EEA7FA10015B80A /* UICollectinView自定义相册 */;
			targetProxy = 19F2EAB21EEA7FA10015B80A /* PBXContainerItemProxy */;
		};
/* End PBXTargetDependency section */

/* Begin PBXVariantGroup section */
		19F2EAA41EEA7FA10015B80A /* Main.storyboard */ = {
			isa = PBXVariantGroup;
			children = (
				19F2EAA51EEA7FA10015B80A /* Base */,
			);
			name = Main.storyboard;
			sourceTree = "<group>";
		};
		19F2EAA91EEA7FA10015B80A /* LaunchScreen.storyboard */ = {
			isa = PBXVariantGroup;
			children = (
				19F2EAAA1EEA7FA10015B80A /* Base */,
			);
			name = LaunchScreen.storyboard;
			sourceTree = "<group>";
		};
/* End PBXVariantGroup section */

/* Begin XCBuildConfiguration section */
		19F2EAB81EEA7FA10015B80A /* Debug */ = {
			isa = XCBuildConfiguration;
			buildSettings = {
				ALWAYS_SEARCH_USER_PATHS = NO;
				CLANG_ANALYZER_NONNULL = YES;
				CLANG_ANALYZER_NUMBER_OBJECT_CONVERSION = YES_AGGRESSIVE;
				CLANG_CXX_LANGUAGE_STANDARD = "gnu++0x";
				CLANG_CXX_LIBRARY = "libc++";
				CLANG_ENABLE_MODULES = YES;
				CLANG_ENABLE_OBJC_ARC = YES;
				CLANG_WARN_BOOL_CONVERSION = YES;
				CLANG_WARN_CONSTANT_CONVERSION = YES;
				CLANG_WARN_DIRECT_OBJC_ISA_USAGE = YES_ERROR;
				CLANG_WARN_DOCUMENTATION_COMMENTS = YES;
				CLANG_WARN_EMPTY_BODY = YES;
				CLANG_WARN_ENUM_CONVERSION = YES;
				CLANG_WARN_INFINITE_RECURSION = YES;
				CLANG_WARN_INT_CONVERSION = YES;
				CLANG_WARN_OBJC_ROOT_CLASS = YES_ERROR;
				CLANG_WARN_SUSPICIOUS_MOVE = YES;
				CLANG_WARN_UNREACHABLE_CODE = YES;
				CLANG_WARN__DUPLICATE_METHOD_MATCH = YES;
				"CODE_SIGN_IDENTITY[sdk=iphoneos*]" = "iPhone Developer";
				COPY_PHASE_STRIP = NO;
				DEBUG_INFORMATION_FORMAT = dwarf;
				ENABLE_STRICT_OBJC_MSGSEND = YES;
				ENABLE_TESTABILITY = YES;
				GCC_C_LANGUAGE_STANDARD = gnu99;
				GCC_DYNAMIC_NO_PIC = NO;
				GCC_NO_COMMON_BLOCKS = YES;
				GCC_OPTIMIZATION_LEVEL = 0;
				GCC_PREPROCESSOR_DEFINITIONS = (
					"DEBUG=1",
					"$(inherited)",
				);
				GCC_WARN_64_TO_32_BIT_CONVERSION = YES;
				GCC_WARN_ABOUT_RETURN_TYPE = YES_ERROR;
				GCC_WARN_UNDECLARED_SELECTOR = YES;
				GCC_WARN_UNINITIALIZED_AUTOS = YES_AGGRESSIVE;
				GCC_WARN_UNUSED_FUNCTION = YES;
				GCC_WARN_UNUSED_VARIABLE = YES;
				IPHONEOS_DEPLOYMENT_TARGET = 10.3;
				MTL_ENABLE_DEBUG_INFO = YES;
				ONLY_ACTIVE_ARCH = YES;
				SDKROOT = iphoneos;
				TARGETED_DEVICE_FAMILY = "1,2";
			};
			name = Debug;
		};
		19F2EAB91EEA7FA10015B80A /* Release */ = {
			isa = XCBuildConfiguration;
			buildSettings = {
				ALWAYS_SEARCH_USER_PATHS = NO;
				CLANG_ANALYZER_NONNULL = YES;
				CLANG_ANALYZER_NUMBER_OBJECT_CONVERSION = YES_AGGRESSIVE;
				CLANG_CXX_LANGUAGE_STANDARD = "gnu++0x";
				CLANG_CXX_LIBRARY = "libc++";
				CLANG_ENABLE_MODULES = YES;
				CLANG_ENABLE_OBJC_ARC = YES;
				CLANG_WARN_BOOL_CONVERSION = YES;
				CLANG_WARN_CONSTANT_CONVERSION = YES;
				CLANG_WARN_DIRECT_OBJC_ISA_USAGE = YES_ERROR;
				CLANG_WARN_DOCUMENTATION_COMMENTS = YES;
				CLANG_WARN_EMPTY_BODY = YES;
				CLANG_WARN_ENUM_CONVERSION = YES;
				CLANG_WARN_INFINITE_RECURSION = YES;
				CLANG_WARN_INT_CONVERSION = YES;
				CLANG_WARN_OBJC_ROOT_CLASS = YES_ERROR;
				CLANG_WARN_SUSPICIOUS_MOVE = YES;
				CLANG_WARN_UNREACHABLE_CODE = YES;
				CLANG_WARN__DUPLICATE_METHOD_MATCH = YES;
				"CODE_SIGN_IDENTITY[sdk=iphoneos*]" = "iPhone Developer";
				COPY_PHASE_STRIP = NO;
				DEBUG_INFORMATION_FORMAT = "dwarf-with-dsym";
				ENABLE_NS_ASSERTIONS = NO;
				ENABLE_STRICT_OBJC_MSGSEND = YES;
				GCC_C_LANGUAGE_STANDARD = gnu99;
				GCC_NO_COMMON_BLOCKS = YES;
				GCC_WARN_64_TO_32_BIT_CONVERSION = YES;
				GCC_WARN_ABOUT_RETURN_TYPE = YES_ERROR;
				GCC_WARN_UNDECLARED_SELECTOR = YES;
				GCC_WARN_UNINITIALIZED_AUTOS = YES_AGGRESSIVE;
				GCC_WARN_UNUSED_FUNCTION = YES;
				GCC_WARN_UNUSED_VARIABLE = YES;
				IPHONEOS_DEPLOYMENT_TARGET = 10.3;
				MTL_ENABLE_DEBUG_INFO = NO;
				SDKROOT = iphoneos;
				TARGETED_DEVICE_FAMILY = "1,2";
				VALIDATE_PRODUCT = YES;
			};
			name = Release;
		};
		19F2EABB1EEA7FA10015B80A /* Debug */ = {
			isa = XCBuildConfiguration;
			buildSettings = {
				ASSETCATALOG_COMPILER_APPICON_NAME = AppIcon;
				INFOPLIST_FILE = "UICollectinView自定义相册/Info.plist";
				LD_RUNPATH_SEARCH_PATHS = "$(inherited) @executable_path/Frameworks";
				PRODUCT_BUNDLE_IDENTIFIER = "lppz.UICollectinView-----";
				PRODUCT_NAME = "$(TARGET_NAME)";
			};
			name = Debug;
		};
		19F2EABC1EEA7FA10015B80A /* Release */ = {
			isa = XCBuildConfiguration;
			buildSettings = {
				ASSETCATALOG_COMPILER_APPICON_NAME = AppIcon;
				INFOPLIST_FILE = "UICollectinView自定义相册/Info.plist";
				LD_RUNPATH_SEARCH_PATHS = "$(inherited) @executable_path/Frameworks";
				PRODUCT_BUNDLE_IDENTIFIER = "lppz.UICollectinView-----";
				PRODUCT_NAME = "$(TARGET_NAME)";
			};
			name = Release;
		};
		19F2EABE1EEA7FA10015B80A /* Debug */ = {
			isa = XCBuildConfiguration;
			buildSettings = {
				BUNDLE_LOADER = "$(TEST_HOST)";
				INFOPLIST_FILE = "UICollectinView自定义相册Tests/Info.plist";
				LD_RUNPATH_SEARCH_PATHS = "$(inherited) @executable_path/Frameworks @loader_path/Frameworks";
				PRODUCT_BUNDLE_IDENTIFIER = "lppz.UICollectinView-----Tests";
				PRODUCT_NAME = "$(TARGET_NAME)";
				TEST_HOST = "$(BUILT_PRODUCTS_DIR)/UICollectinView自定义相册.app/UICollectinView自定义相册";
			};
			name = Debug;
		};
		19F2EABF1EEA7FA10015B80A /* Release */ = {
			isa = XCBuildConfiguration;
			buildSettings = {
				BUNDLE_LOADER = "$(TEST_HOST)";
				INFOPLIST_FILE = "UICollectinView自定义相册Tests/Info.plist";
				LD_RUNPATH_SEARCH_PATHS = "$(inherited) @executable_path/Frameworks @loader_path/Frameworks";
				PRODUCT_BUNDLE_IDENTIFIER = "lppz.UICollectinView-----Tests";
				PRODUCT_NAME = "$(TARGET_NAME)";
				TEST_HOST = "$(BUILT_PRODUCTS_DIR)/UICollectinView自定义相册.app/UICollectinView自定义相册";
			};
			name = Release;
		};
/* End XCBuildConfiguration section */

/* Begin XCConfigurationList section */
		19F2EA931EEA7FA10015B80A /* Build configuration list for PBXProject "UICollectinView自定义相册" */ = {
			isa = XCConfigurationList;
			buildConfigurations = (
				19F2EAB81EEA7FA10015B80A /* Debug */,
				19F2EAB91EEA7FA10015B80A /* Release */,
			);
			defaultConfigurationIsVisible = 0;
			defaultConfigurationName = Release;
		};
		19F2EABA1EEA7FA10015B80A /* Build configuration list for PBXNativeTarget "UICollectinView自定义相册" */ = {
			isa = XCConfigurationList;
			buildConfigurations = (
				19F2EABB1EEA7FA10015B80A /* Debug */,
				19F2EABC1EEA7FA10015B80A /* Release */,
			);
			defaultConfigurationIsVisible = 0;
			defaultConfigurationName = Release;
		};
		19F2EABD1EEA7FA10015B80A /* Build configuration list for PBXNativeTarget "UICollectinView自定义相册Tests" */ = {
			isa = XCConfigurationList;
			buildConfigurations = (
				19F2EABE1EEA7FA10015B80A /* Debug */,
				19F2EABF1EEA7FA10015B80A /* Release */,
			);
			defaultConfigurationIsVisible = 0;
			defaultConfigurationName = Release;
		};
/* End XCConfigurationList section */
	};
	rootObject = 19F2EA901EEA7FA10015B80A /* Project object */;
}
